# This file is automatically @generated by Cargo.
# It is not intended for manual editing.
version = 4

[[package]]
name = "use-articulation"
version = "0.0.1"

[[package]]
name = "use-chord"
version = "0.0.1"

[[package]]
name = "use-dynamics"
version = "0.0.1"

[[package]]
name = "use-key"
version = "0.0.1"

[[package]]
name = "use-meter"
version = "0.0.1"

[[package]]
name = "use-midi"
version = "0.0.1"

[[package]]
name = "use-mode"
version = "0.0.1"

[[package]]
name = "use-music"
version = "0.0.1"
dependencies = [
 "use-articulation",
 "use-chord",
 "use-dynamics",
 "use-key",
 "use-meter",
 "use-midi",
 "use-mode",
 "use-music-interval",
 "use-notation",
 "use-note",
 "use-pitch",
 "use-rhythm",
 "use-scale",
 "use-tempo",
 "use-tuning",
]

[[package]]
name = "use-music-interval"
version = "0.0.1"

[[package]]
name = "use-notation"
version = "0.0.1"

[[package]]
name = "use-note"
version = "0.0.1"

[[package]]
name = "use-pitch"
version = "0.0.1"

[[package]]
name = "use-rhythm"
version = "0.0.1"

[[package]]
name = "use-scale"
version = "0.0.1"

[[package]]
name = "use-tempo"
version = "0.0.1"

[[package]]
name = "use-tuning"
version = "0.0.1"
